
Microsoft Visual Studio Solution File, Format Version 12.00
# Visual Studio Version 17
VisualStudioVersion = 17.1.32210.238
MinimumVisualStudioVersion = 10.0.40219.1
Project("{FAE04EC0-301F-11D3-BF4B-00C04F79EFBC}") = "SomeMath", "SomeMath\SomeMath.csproj", "{DE439CA0-995E-4F6D-8059-D5AAFE71EB2A}"
EndProject
Global
	GlobalSection(SolutionConfigurationPlatforms) = preSolution
		Debug|Any CPU = Debug|Any CPU
		Release|Any CPU = Release|Any CPU
	EndGlobalSection
	GlobalSection(ProjectConfigurationPlatforms) = postSolution
		{DE439CA0-995E-4F6D-8059-D5AAFE71EB2A}.Debug|Any CPU.ActiveCfg = Debug|Any CPU
		{DE439CA0-995E-4F6D-8059-D5AAFE71EB2A}.Debug|Any CPU.Build.0 = Debug|Any CPU
		{DE439CA0-995E-4F6D-8059-D5AAFE71EB2A}.Release|Any CPU.ActiveCfg = Release|Any CPU
		{DE439CA0-995E-4F6D-8059-D5AAFE71EB2A}.Release|Any CPU.Build.0 = Release|Any CPU
	EndGlobalSection
	GlobalSection(SolutionProperties) = preSolution
		HideSolutionNode = FALSE
	EndGlobalSection
	GlobalSection(ExtensibilityGlobals) = postSolution
		SolutionGuid = {EC7BB10D-D81D-4909-8FA1-8DC940951952}
	EndGlobalSection
EndGlobal
