
Microsoft Visual Studio Solution File, Format Version 12.00
# Visual Studio Version 17
VisualStudioVersion = 17.1.32210.238
MinimumVisualStudioVersion = 10.0.40219.1
Project("{FAE04EC0-301F-11D3-BF4B-00C04F79EFBC}") = "SomeMathTest", "SomeMathTest\SomeMathTest.csproj", "{91258BF8-7D96-491F-A43C-548F08B64525}"
EndProject
Project("{FAE04EC0-301F-11D3-BF4B-00C04F79EFBC}") = "SomeMathTest.Tests", "SomeMathTest.Tests\SomeMathTest.Tests.csproj", "{6A9FB54F-4136-4DC1-8EF3-B18150771F9A}"
EndProject
Global
	GlobalSection(SolutionConfigurationPlatforms) = preSolution
		Debug|Any CPU = Debug|Any CPU
		Release|Any CPU = Release|Any CPU
	EndGlobalSection
	GlobalSection(ProjectConfigurationPlatforms) = postSolution
		{91258BF8-7D96-491F-A43C-548F08B64525}.Debug|Any CPU.ActiveCfg = Debug|Any CPU
		{91258BF8-7D96-491F-A43C-548F08B64525}.Debug|Any CPU.Build.0 = Debug|Any CPU
		{91258BF8-7D96-491F-A43C-548F08B64525}.Release|Any CPU.ActiveCfg = Release|Any CPU
		{91258BF8-7D96-491F-A43C-548F08B64525}.Release|Any CPU.Build.0 = Release|Any CPU
		{6A9FB54F-4136-4DC1-8EF3-B18150771F9A}.Debug|Any CPU.ActiveCfg = Debug|Any CPU
		{6A9FB54F-4136-4DC1-8EF3-B18150771F9A}.Debug|Any CPU.Build.0 = Debug|Any CPU
		{6A9FB54F-4136-4DC1-8EF3-B18150771F9A}.Release|Any CPU.ActiveCfg = Release|Any CPU
		{6A9FB54F-4136-4DC1-8EF3-B18150771F9A}.Release|Any CPU.Build.0 = Release|Any CPU
	EndGlobalSection
	GlobalSection(SolutionProperties) = preSolution
		HideSolutionNode = FALSE
	EndGlobalSection
	GlobalSection(ExtensibilityGlobals) = postSolution
		SolutionGuid = {1FD41169-1531-4D47-BA2D-3D6911DCC643}
	EndGlobalSection
EndGlobal
